
Microsoft Visual Studio Solution File, Format Version 12.00
# Visual Studio Version 17
VisualStudioVersion = 17.6.33801.468
MinimumVisualStudioVersion = 10.0.40219.1
Project("{8BC9CEB8-8B4A-11D0-8D11-00A0C91BC942}") = "WinAPIHome", "WinAPIHome\WinAPIHome.vcxproj", "{3FA85B9A-2EF1-4D88-9746-6ACB60C72F35}"
EndProject
Project("{8BC9CEB8-8B4A-11D0-8D11-00A0C91BC942}") = "ComboBox", "ComboBox\ComboBox.vcxproj", "{DB57E1C5-0034-4384-97F5-F5FDE065D525}"
EndProject
Project("{8BC9CEB8-8B4A-11D0-8D11-00A0C91BC942}") = "ListBox", "ListBox\ListBox.vcxproj", "{839D3B3A-6B5D-4475-A61F-3726D002885B}"
EndProject
Project("{8BC9CEB8-8B4A-11D0-8D11-00A0C91BC942}") = "MainWindow", "MainWindow\MainWindow.vcxproj", "{D2E32564-5D67-403B-844E-3356CCFDC1C4}"
EndProject
Project("{8BC9CEB8-8B4A-11D0-8D11-00A0C91BC942}") = "Calc", "Calc\Calc.vcxproj", "{C5864690-E131-4B1B-818E-A78500C2E5ED}"
EndProject
Project("{8BC9CEB8-8B4A-11D0-8D11-00A0C91BC942}") = "Buttons", "Buttons\Buttons.vcxproj", "{24F9F561-BEC2-45B3-845B-71DD26516FC1}"
EndProject
Project("{8BC9CEB8-8B4A-11D0-8D11-00A0C91BC942}") = "MyFonts", "MyFonts\MyFonts.vcxproj", "{68068142-B2F8-4315-B950-3EF177BEA2E9}"
EndProject
Project("{8BC9CEB8-8B4A-11D0-8D11-00A0C91BC942}") = "NewDLL", "NewDLL\NewDLL.vcxproj", "{A9B596BD-908B-47A1-AE26-6E3A92441244}"
EndProject
Global
	GlobalSection(SolutionConfigurationPlatforms) = preSolution
		Debug|x64 = Debug|x64
		Debug|x86 = Debug|x86
		Release|x64 = Release|x64
		Release|x86 = Release|x86
	EndGlobalSection
	GlobalSection(ProjectConfigurationPlatforms) = postSolution
		{3FA85B9A-2EF1-4D88-9746-6ACB60C72F35}.Debug|x64.ActiveCfg = Debug|x64
		{3FA85B9A-2EF1-4D88-9746-6ACB60C72F35}.Debug|x64.Build.0 = Debug|x64
		{3FA85B9A-2EF1-4D88-9746-6ACB60C72F35}.Debug|x86.ActiveCfg = Debug|Win32
		{3FA85B9A-2EF1-4D88-9746-6ACB60C72F35}.Debug|x86.Build.0 = Debug|Win32
		{3FA85B9A-2EF1-4D88-9746-6ACB60C72F35}.Release|x64.ActiveCfg = Release|x64
		{3FA85B9A-2EF1-4D88-9746-6ACB60C72F35}.Release|x64.Build.0 = Release|x64
		{3FA85B9A-2EF1-4D88-9746-6ACB60C72F35}.Release|x86.ActiveCfg = Release|Win32
		{3FA85B9A-2EF1-4D88-9746-6ACB60C72F35}.Release|x86.Build.0 = Release|Win32
		{DB57E1C5-0034-4384-97F5-F5FDE065D525}.Debug|x64.ActiveCfg = Debug|x64
		{DB57E1C5-0034-4384-97F5-F5FDE065D525}.Debug|x64.Build.0 = Debug|x64
		{DB57E1C5-0034-4384-97F5-F5FDE065D525}.Debug|x86.ActiveCfg = Debug|Win32
		{DB57E1C5-0034-4384-97F5-F5FDE065D525}.Debug|x86.Build.0 = Debug|Win32
		{DB57E1C5-0034-4384-97F5-F5FDE065D525}.Release|x64.ActiveCfg = Release|x64
		{DB57E1C5-0034-4384-97F5-F5FDE065D525}.Release|x64.Build.0 = Release|x64
		{DB57E1C5-0034-4384-97F5-F5FDE065D525}.Release|x86.ActiveCfg = Release|Win32
		{DB57E1C5-0034-4384-97F5-F5FDE065D525}.Release|x86.Build.0 = Release|Win32
		{839D3B3A-6B5D-4475-A61F-3726D002885B}.Debug|x64.ActiveCfg = Debug|x64
		{839D3B3A-6B5D-4475-A61F-3726D002885B}.Debug|x64.Build.0 = Debug|x64
		{839D3B3A-6B5D-4475-A61F-3726D002885B}.Debug|x86.ActiveCfg = Debug|Win32
		{839D3B3A-6B5D-4475-A61F-3726D002885B}.Debug|x86.Build.0 = Debug|Win32
		{839D3B3A-6B5D-4475-A61F-3726D002885B}.Release|x64.ActiveCfg = Release|x64
		{839D3B3A-6B5D-4475-A61F-3726D002885B}.Release|x64.Build.0 = Release|x64
		{839D3B3A-6B5D-4475-A61F-3726D002885B}.Release|x86.ActiveCfg = Release|Win32
		{839D3B3A-6B5D-4475-A61F-3726D002885B}.Release|x86.Build.0 = Release|Win32
		{D2E32564-5D67-403B-844E-3356CCFDC1C4}.Debug|x64.ActiveCfg = Debug|x64
		{D2E32564-5D67-403B-844E-3356CCFDC1C4}.Debug|x64.Build.0 = Debug|x64
		{D2E32564-5D67-403B-844E-3356CCFDC1C4}.Debug|x86.ActiveCfg = Debug|Win32
		{D2E32564-5D67-403B-844E-3356CCFDC1C4}.Debug|x86.Build.0 = Debug|Win32
		{D2E32564-5D67-403B-844E-3356CCFDC1C4}.Release|x64.ActiveCfg = Release|x64
		{D2E32564-5D67-403B-844E-3356CCFDC1C4}.Release|x64.Build.0 = Release|x64
		{D2E32564-5D67-403B-844E-3356CCFDC1C4}.Release|x86.ActiveCfg = Release|Win32
		{D2E32564-5D67-403B-844E-3356CCFDC1C4}.Release|x86.Build.0 = Release|Win32
		{C5864690-E131-4B1B-818E-A78500C2E5ED}.Debug|x64.ActiveCfg = Debug|x64
		{C5864690-E131-4B1B-818E-A78500C2E5ED}.Debug|x64.Build.0 = Debug|x64
		{C5864690-E131-4B1B-818E-A78500C2E5ED}.Debug|x86.ActiveCfg = Debug|Win32
		{C5864690-E131-4B1B-818E-A78500C2E5ED}.Debug|x86.Build.0 = Debug|Win32
		{C5864690-E131-4B1B-818E-A78500C2E5ED}.Release|x64.ActiveCfg = Release|x64
		{C5864690-E131-4B1B-818E-A78500C2E5ED}.Release|x64.Build.0 = Release|x64
		{C5864690-E131-4B1B-818E-A78500C2E5ED}.Release|x86.ActiveCfg = Release|Win32
		{C5864690-E131-4B1B-818E-A78500C2E5ED}.Release|x86.Build.0 = Release|Win32
		{24F9F561-BEC2-45B3-845B-71DD26516FC1}.Debug|x64.ActiveCfg = Debug|x64
		{24F9F561-BEC2-45B3-845B-71DD26516FC1}.Debug|x64.Build.0 = Debug|x64
		{24F9F561-BEC2-45B3-845B-71DD26516FC1}.Debug|x86.ActiveCfg = Debug|Win32
		{24F9F561-BEC2-45B3-845B-71DD26516FC1}.Debug|x86.Build.0 = Debug|Win32
		{24F9F561-BEC2-45B3-845B-71DD26516FC1}.Release|x64.ActiveCfg = Release|x64
		{24F9F561-BEC2-45B3-845B-71DD26516FC1}.Release|x64.Build.0 = Release|x64
		{24F9F561-BEC2-45B3-845B-71DD26516FC1}.Release|x86.ActiveCfg = Release|Win32
		{24F9F561-BEC2-45B3-845B-71DD26516FC1}.Release|x86.Build.0 = Release|Win32
		{68068142-B2F8-4315-B950-3EF177BEA2E9}.Debug|x64.ActiveCfg = Debug|x64
		{68068142-B2F8-4315-B950-3EF177BEA2E9}.Debug|x64.Build.0 = Debug|x64
		{68068142-B2F8-4315-B950-3EF177BEA2E9}.Debug|x86.ActiveCfg = Debug|Win32
		{68068142-B2F8-4315-B950-3EF177BEA2E9}.Debug|x86.Build.0 = Debug|Win32
		{68068142-B2F8-4315-B950-3EF177BEA2E9}.Release|x64.ActiveCfg = Release|x64
		{68068142-B2F8-4315-B950-3EF177BEA2E9}.Release|x64.Build.0 = Release|x64
		{68068142-B2F8-4315-B950-3EF177BEA2E9}.Release|x86.ActiveCfg = Release|Win32
		{68068142-B2F8-4315-B950-3EF177BEA2E9}.Release|x86.Build.0 = Release|Win32
		{A9B596BD-908B-47A1-AE26-6E3A92441244}.Debug|x64.ActiveCfg = Debug|x64
		{A9B596BD-908B-47A1-AE26-6E3A92441244}.Debug|x64.Build.0 = Debug|x64
		{A9B596BD-908B-47A1-AE26-6E3A92441244}.Debug|x86.ActiveCfg = Debug|Win32
		{A9B596BD-908B-47A1-AE26-6E3A92441244}.Debug|x86.Build.0 = Debug|Win32
		{A9B596BD-908B-47A1-AE26-6E3A92441244}.Release|x64.ActiveCfg = Release|x64
		{A9B596BD-908B-47A1-AE26-6E3A92441244}.Release|x64.Build.0 = Release|x64
		{A9B596BD-908B-47A1-AE26-6E3A92441244}.Release|x86.ActiveCfg = Release|Win32
		{A9B596BD-908B-47A1-AE26-6E3A92441244}.Release|x86.Build.0 = Release|Win32
	EndGlobalSection
	GlobalSection(SolutionProperties) = preSolution
		HideSolutionNode = FALSE
	EndGlobalSection
	GlobalSection(ExtensibilityGlobals) = postSolution
		SolutionGuid = {A3AC2310-F196-41B7-9C8C-FABA994ACFED}
	EndGlobalSection
EndGlobal
